
Microsoft Visual Studio Solution File, Format Version 12.00
# Visual Studio 14
VisualStudioVersion = 14.0.25123.0
MinimumVisualStudioVersion = 10.0.40219.1
Project("{D954291E-2A0B-460D-934E-DC6B0785DB48}") = "InCrypto", "InCrypto\InCrypto.shproj", "{B0799764-73F4-4E86-99A8-F51F1705B07C}"
EndProject
Global
	GlobalSection(SharedMSBuildProjectFiles) = preSolution
		InCrypto\InCrypto.projitems*{b0799764-73f4-4e86-99a8-f51f1705b07c}*SharedItemsImports = 13
	EndGlobalSection
	GlobalSection(SolutionProperties) = preSolution
		HideSolutionNode = FALSE
	EndGlobalSection
EndGlobal
